
Microsoft Visual Studio Solution File, Format Version 12.00
# Visual Studio Version 17
VisualStudioVersion = 17.0.31903.59
MinimumVisualStudioVersion = 10.0.40219.1
Project("{2150E333-8FDC-42A3-9474-1A3956D46DE8}") = "src", "src", "{827E0CD3-B72D-47B6-A68D-7590B98EB39B}"
EndProject
Project("{FAE04EC0-301F-11D3-BF4B-00C04F79EFBC}") = "SteamMuseum.Domain", "src\SteamMuseum.Domain\SteamMuseum.Domain.csproj", "{98FA0A46-CE88-40AA-B761-5AC4326F5CB0}"
EndProject
Project("{FAE04EC0-301F-11D3-BF4B-00C04F79EFBC}") = "SteamMuseum.Application", "src\SteamMuseum.Application\SteamMuseum.Application.csproj", "{606BDF0A-9229-4BBB-B565-70B9340DC233}"
EndProject
Project("{FAE04EC0-301F-11D3-BF4B-00C04F79EFBC}") = "SteamMuseum.Infrastructure", "src\SteamMuseum.Infrastructure\SteamMuseum.Infrastructure.csproj", "{1E95C716-E053-4FCA-87B3-BBDEE2AAF0A2}"
EndProject
Project("{FAE04EC0-301F-11D3-BF4B-00C04F79EFBC}") = "SteamMuseum.Api", "src\SteamMuseum.Api\SteamMuseum.Api.csproj", "{6939715A-A44A-4001-AEF1-88DB9A9AEB61}"
EndProject
Project("{2150E333-8FDC-42A3-9474-1A3956D46DE8}") = "tests", "tests", "{0AB3BF05-4346-4AA6-1389-037BE0695223}"
EndProject
Project("{FAE04EC0-301F-11D3-BF4B-00C04F79EFBC}") = "SteamMuseum.Tests", "tests\SteamMuseum.Tests\SteamMuseum.Tests.csproj", "{FB39B52F-895E-44A6-99B1-94B0E1DDBA8C}"
EndProject
Global
	GlobalSection(SolutionConfigurationPlatforms) = preSolution
		Debug|Any CPU = Debug|Any CPU
		Debug|x64 = Debug|x64
		Debug|x86 = Debug|x86
		Release|Any CPU = Release|Any CPU
		Release|x64 = Release|x64
		Release|x86 = Release|x86
	EndGlobalSection
	GlobalSection(ProjectConfigurationPlatforms) = postSolution
		{98FA0A46-CE88-40AA-B761-5AC4326F5CB0}.Debug|Any CPU.ActiveCfg = Debug|Any CPU
		{98FA0A46-CE88-40AA-B761-5AC4326F5CB0}.Debug|Any CPU.Build.0 = Debug|Any CPU
		{98FA0A46-CE88-40AA-B761-5AC4326F5CB0}.Debug|x64.ActiveCfg = Debug|Any CPU
		{98FA0A46-CE88-40AA-B761-5AC4326F5CB0}.Debug|x64.Build.0 = Debug|Any CPU
		{98FA0A46-CE88-40AA-B761-5AC4326F5CB0}.Debug|x86.ActiveCfg = Debug|Any CPU
		{98FA0A46-CE88-40AA-B761-5AC4326F5CB0}.Debug|x86.Build.0 = Debug|Any CPU
		{98FA0A46-CE88-40AA-B761-5AC4326F5CB0}.Release|Any CPU.ActiveCfg = Release|Any CPU
		{98FA0A46-CE88-40AA-B761-5AC4326F5CB0}.Release|Any CPU.Build.0 = Release|Any CPU
		{98FA0A46-CE88-40AA-B761-5AC4326F5CB0}.Release|x64.ActiveCfg = Release|Any CPU
		{98FA0A46-CE88-40AA-B761-5AC4326F5CB0}.Release|x64.Build.0 = Release|Any CPU
		{98FA0A46-CE88-40AA-B761-5AC4326F5CB0}.Release|x86.ActiveCfg = Release|Any CPU
		{98FA0A46-CE88-40AA-B761-5AC4326F5CB0}.Release|x86.Build.0 = Release|Any CPU
		{606BDF0A-9229-4BBB-B565-70B9340DC233}.Debug|Any CPU.ActiveCfg = Debug|Any CPU
		{606BDF0A-9229-4BBB-B565-70B9340DC233}.Debug|Any CPU.Build.0 = Debug|Any CPU
		{606BDF0A-9229-4BBB-B565-70B9340DC233}.Debug|x64.ActiveCfg = Debug|Any CPU
		{606BDF0A-9229-4BBB-B565-70B9340DC233}.Debug|x64.Build.0 = Debug|Any CPU
		{606BDF0A-9229-4BBB-B565-70B9340DC233}.Debug|x86.ActiveCfg = Debug|Any CPU
		{606BDF0A-9229-4BBB-B565-70B9340DC233}.Debug|x86.Build.0 = Debug|Any CPU
		{606BDF0A-9229-4BBB-B565-70B9340DC233}.Release|Any CPU.ActiveCfg = Release|Any CPU
		{606BDF0A-9229-4BBB-B565-70B9340DC233}.Release|Any CPU.Build.0 = Release|Any CPU
		{606BDF0A-9229-4BBB-B565-70B9340DC233}.Release|x64.ActiveCfg = Release|Any CPU
		{606BDF0A-9229-4BBB-B565-70B9340DC233}.Release|x64.Build.0 = Release|Any CPU
		{606BDF0A-9229-4BBB-B565-70B9340DC233}.Release|x86.ActiveCfg = Release|Any CPU
		{606BDF0A-9229-4BBB-B565-70B9340DC233}.Release|x86.Build.0 = Release|Any CPU
		{1E95C716-E053-4FCA-87B3-BBDEE2AAF0A2}.Debug|Any CPU.ActiveCfg = Debug|Any CPU
		{1E95C716-E053-4FCA-87B3-BBDEE2AAF0A2}.Debug|Any CPU.Build.0 = Debug|Any CPU
		{1E95C716-E053-4FCA-87B3-BBDEE2AAF0A2}.Debug|x64.ActiveCfg = Debug|Any CPU
		{1E95C716-E053-4FCA-87B3-BBDEE2AAF0A2}.Debug|x64.Build.0 = Debug|Any CPU
		{1E95C716-E053-4FCA-87B3-BBDEE2AAF0A2}.Debug|x86.ActiveCfg = Debug|Any CPU
		{1E95C716-E053-4FCA-87B3-BBDEE2AAF0A2}.Debug|x86.Build.0 = Debug|Any CPU
		{1E95C716-E053-4FCA-87B3-BBDEE2AAF0A2}.Release|Any CPU.ActiveCfg = Release|Any CPU
		{1E95C716-E053-4FCA-87B3-BBDEE2AAF0A2}.Release|Any CPU.Build.0 = Release|Any CPU
		{1E95C716-E053-4FCA-87B3-BBDEE2AAF0A2}.Release|x64.ActiveCfg = Release|Any CPU
		{1E95C716-E053-4FCA-87B3-BBDEE2AAF0A2}.Release|x64.Build.0 = Release|Any CPU
		{1E95C716-E053-4FCA-87B3-BBDEE2AAF0A2}.Release|x86.ActiveCfg = Release|Any CPU
		{1E95C716-E053-4FCA-87B3-BBDEE2AAF0A2}.Release|x86.Build.0 = Release|Any CPU
		{6939715A-A44A-4001-AEF1-88DB9A9AEB61}.Debug|Any CPU.ActiveCfg = Debug|Any CPU
		{6939715A-A44A-4001-AEF1-88DB9A9AEB61}.Debug|Any CPU.Build.0 = Debug|Any CPU
		{6939715A-A44A-4001-AEF1-88DB9A9AEB61}.Debug|x64.ActiveCfg = Debug|Any CPU
		{6939715A-A44A-4001-AEF1-88DB9A9AEB61}.Debug|x64.Build.0 = Debug|Any CPU
		{6939715A-A44A-4001-AEF1-88DB9A9AEB61}.Debug|x86.ActiveCfg = Debug|Any CPU
		{6939715A-A44A-4001-AEF1-88DB9A9AEB61}.Debug|x86.Build.0 = Debug|Any CPU
		{6939715A-A44A-4001-AEF1-88DB9A9AEB61}.Release|Any CPU.ActiveCfg = Release|Any CPU
		{6939715A-A44A-4001-AEF1-88DB9A9AEB61}.Release|Any CPU.Build.0 = Release|Any CPU
		{6939715A-A44A-4001-AEF1-88DB9A9AEB61}.Release|x64.ActiveCfg = Release|Any CPU
		{6939715A-A44A-4001-AEF1-88DB9A9AEB61}.Release|x64.Build.0 = Release|Any CPU
		{6939715A-A44A-4001-AEF1-88DB9A9AEB61}.Release|x86.ActiveCfg = Release|Any CPU
		{6939715A-A44A-4001-AEF1-88DB9A9AEB61}.Release|x86.Build.0 = Release|Any CPU
		{FB39B52F-895E-44A6-99B1-94B0E1DDBA8C}.Debug|Any CPU.ActiveCfg = Debug|Any CPU
		{FB39B52F-895E-44A6-99B1-94B0E1DDBA8C}.Debug|Any CPU.Build.0 = Debug|Any CPU
		{FB39B52F-895E-44A6-99B1-94B0E1DDBA8C}.Debug|x64.ActiveCfg = Debug|Any CPU
		{FB39B52F-895E-44A6-99B1-94B0E1DDBA8C}.Debug|x64.Build.0 = Debug|Any CPU
		{FB39B52F-895E-44A6-99B1-94B0E1DDBA8C}.Debug|x86.ActiveCfg = Debug|Any CPU
		{FB39B52F-895E-44A6-99B1-94B0E1DDBA8C}.Debug|x86.Build.0 = Debug|Any CPU
		{FB39B52F-895E-44A6-99B1-94B0E1DDBA8C}.Release|Any CPU.ActiveCfg = Release|Any CPU
		{FB39B52F-895E-44A6-99B1-94B0E1DDBA8C}.Release|Any CPU.Build.0 = Release|Any CPU
		{FB39B52F-895E-44A6-99B1-94B0E1DDBA8C}.Release|x64.ActiveCfg = Release|Any CPU
		{FB39B52F-895E-44A6-99B1-94B0E1DDBA8C}.Release|x64.Build.0 = Release|Any CPU
		{FB39B52F-895E-44A6-99B1-94B0E1DDBA8C}.Release|x86.ActiveCfg = Release|Any CPU
		{FB39B52F-895E-44A6-99B1-94B0E1DDBA8C}.Release|x86.Build.0 = Release|Any CPU
	EndGlobalSection
	GlobalSection(SolutionProperties) = preSolution
		HideSolutionNode = FALSE
	EndGlobalSection
	GlobalSection(NestedProjects) = preSolution
		{98FA0A46-CE88-40AA-B761-5AC4326F5CB0} = {827E0CD3-B72D-47B6-A68D-7590B98EB39B}
		{606BDF0A-9229-4BBB-B565-70B9340DC233} = {827E0CD3-B72D-47B6-A68D-7590B98EB39B}
		{1E95C716-E053-4FCA-87B3-BBDEE2AAF0A2} = {827E0CD3-B72D-47B6-A68D-7590B98EB39B}
		{6939715A-A44A-4001-AEF1-88DB9A9AEB61} = {827E0CD3-B72D-47B6-A68D-7590B98EB39B}
		{FB39B52F-895E-44A6-99B1-94B0E1DDBA8C} = {0AB3BF05-4346-4AA6-1389-037BE0695223}
	EndGlobalSection
EndGlobal
